// !$*UTF8*$!
{
	archiveVersion = 1;
	classes = {
	};
	objectVersion = 46;
	objects = {

/* Begin PBXBuildFile section */
		FAA586C01E733DC30088FEB6 /* AppDelegate.swift in Sources */ = {isa = PBXBuildFile; fileRef = FAA586BF1E733DC30088FEB6 /* AppDelegate.swift */; };
		FAA586C21E733DC30088FEB6 /* ViewController.swift in Sources */ = {isa = PBXBuildFile; fileRef = FAA586C11E733DC30088FEB6 /* ViewController.swift */; };
		FAA586C51E733DC30088FEB6 /* Main.storyboard in Resources */ = {isa = PBXBuildFile; fileRef = FAA586C31E733DC30088FEB6 /* Main.storyboard */; };
		FAA586C71E733DC30088FEB6 /* Assets.xcassets in Resources */ = {isa = PBXBuildFile; fileRef = FAA586C61E733DC30088FEB6 /* Assets.xcassets */; };
		FAA586CA1E733DC30088FEB6 /* LaunchScreen.storyboard in Resources */ = {isa = PBXBuildFile; fileRef = FAA586C81E733DC30088FEB6 /* LaunchScreen.storyboard */; };
/* End PBXBuildFile section */

/* Begin PBXFileReference section */
		FAA586BC1E733DC30088FEB6 /* TestProjectMerge.app */ = {isa = PBXFileReference; explicitFileType = wrapper.application; includeInIndex = 0; path = TestProjectMerge.app; sourceTree = BUILT_PRODUCTS_DIR; };
		FAA586BF1E733DC30088FEB6 /* AppDelegate.swift */ = {isa = PBXFileReference; lastKnownFileType = sourcecode.swift; path = AppDelegate.swift; sourceTree = "<group>"; };
		FAA586C11E733DC30088FEB6 /* ViewController.swift */ = {isa = PBXFileReference; lastKnownFileType = sourcecode.swift; path = ViewController.swift; sourceTree = "<group>"; };
		FAA586C41E733DC30088FEB6 /* Base */ = {isa = PBXFileReference; lastKnownFileType = file.storyboard; name = Base; path = Base.lproj/Main.storyboard; sourceTree = "<group>"; };
		FAA586C61E733DC30088FEB6 /* Assets.xcassets */ = {isa = PBXFileReference; lastKnownFileType = folder.assetcatalog; path = Assets.xcassets; sourceTree = "<group>"; };
		FAA586C91E733DC30088FEB6 /* Base */ = {isa = PBXFileReference; lastKnownFileType = file.storyboard; name = Base; path = Base.lproj/LaunchScreen.storyboard; sourceTree = "<group>"; };
		FAA586CB1E733DC30088FEB6 /* Info.plist */ = {isa = PBXFileReference; lastKnownFileType = text.plist.xml; path = Info.plist; sourceTree = "<group>"; };
/* End PBXFileReference section */

/* Begin PBXFrameworksBuildPhase section */
		FAA586B91E733DC30088FEB6 /* Frameworks */ = {
			isa = PBXFrameworksBuildPhase;
			buildActionMask = 2147483647;
			files = (
			);
			runOnlyForDeploymentPostprocessing = 0;
		};
/* End PBXFrameworksBuildPhase section */

/* Begin PBXGroup section */
		FAA586B31E733DC30088FEB6 = {
			isa = PBXGroup;
			children = (
				FAA586BE1E733DC30088FEB6 /* TestProjectMerge */,
				FAA586BD1E733DC30088FEB6 /* Products */,
			);
			sourceTree = "<group>";
		};
		FAA586BD1E733DC30088FEB6 /* Products */ = {
			isa = PBXGroup;
			children = (
				FAA586BC1E733DC30088FEB6 /* TestProjectMerge.app */,
			);
			name = Products;
			sourceTree = "<group>";
		};
		FAA586BE1E733DC30088FEB6 /* TestProjectMerge */ = {
			isa = PBXGroup;
			children = (
				FAA586BF1E733DC30088FEB6 /* AppDelegate.swift */,
				FAA586C11E733DC30088FEB6 /* ViewController.swift */,
				FAA586C31E733DC30088FEB6 /* Main.storyboard */,
				FAA586C61E733DC30088FEB6 /* Assets.xcassets */,
				FAA586C81E733DC30088FEB6 /* LaunchScreen.storyboard */,
				FAA586CB1E733DC30088FEB6 /* Info.plist */,
			);
			path = TestProjectMerge;
			sourceTree = "<group>";
		};
/* End PBXGroup section */

/* Begin PBXNativeTarget section */
		FAA586BB1E733DC30088FEB6 /* TestProjectMerge */ = {
			isa = PBXNativeTarget;
			buildConfigurationList = FAA586CE1E733DC30088FEB6 /* Build configuration list for PBXNativeTarget "TestProjectMerge" */;
			buildPhases = (
				FAA586B81E733DC30088FEB6 /* Sources */,
				FAA586B91E733DC30088FEB6 /* Frameworks */,
				FAA586BA1E733DC30088FEB6 /* Resources */,
			);
			buildRules = (
			);
			dependencies = (
			);
			name = TestProjectMerge;
			productName = TestProjectMerge;
			productReference = FAA586BC1E733DC30088FEB6 /* TestProjectMerge.app */;
			productType = "com.apple.product-type.application";
		};
/* End PBXNativeTarget section */

/* Begin PBXProject section */
		FAA586B41E733DC30088FEB6 /* Project object */ = {
			isa = PBXProject;
			attributes = {
				LastSwiftUpdateCheck = 0820;
				LastUpgradeCheck = 0820;
				ORGANIZATIONNAME = IU;
				TargetAttributes = {
					FAA586BB1E733DC30088FEB6 = {
						CreatedOnToolsVersion = 8.2.1;
						DevelopmentTeam = EG229DGRJ2;
						ProvisioningStyle = Automatic;
					};
				};
			};
			buildConfigurationList = FAA586B71E733DC30088FEB6 /* Build configuration list for PBXProject "TestProjectMerge" */;
			compatibilityVersion = "Xcode 3.2";
			developmentRegion = English;
			hasScannedForEncodings = 0;
			knownRegions = (
				en,
				Base,
			);
			mainGroup = FAA586B31E733DC30088FEB6;
			productRefGroup = FAA586BD1E733DC30088FEB6 /* Products */;
			projectDirPath = "";
			projectRoot = "";
			targets = (
				FAA586BB1E733DC30088FEB6 /* TestProjectMerge */,
			);
		};
/* End PBXProject section */

/* Begin PBXResourcesBuildPhase section */
		FAA586BA1E733DC30088FEB6 /* Resources */ = {
			isa = PBXResourcesBuildPhase;
			buildActionMask = 2147483647;
			files = (
				FAA586CA1E733DC30088FEB6 /* LaunchScreen.storyboard in Resources */,
				FAA586C71E733DC30088FEB6 /* Assets.xcassets in Resources */,
				FAA586C51E733DC30088FEB6 /* Main.storyboard in Resources */,
			);
			runOnlyForDeploymentPostprocessing = 0;
		};
/* End PBXResourcesBuildPhase section */

/* Begin PBXSourcesBuildPhase section */
		FAA586B81E733DC30088FEB6 /* Sources */ = {
			isa = PBXSourcesBuildPhase;
			buildActionMask = 2147483647;
			files = (
				FAA586C21E733DC30088FEB6 /* ViewController.swift in Sources */,
				FAA586C01E733DC30088FEB6 /* AppDelegate.swift in Sources */,
			);
			runOnlyForDeploymentPostprocessing = 0;
		};
/* End PBXSourcesBuildPhase section */

/* Begin PBXVariantGroup section */
		FAA586C31E733DC30088FEB6 /* Main.storyboard */ = {
			isa = PBXVariantGroup;
			children = (
				FAA586C41E733DC30088FEB6 /* Base */,
			);
			name = Main.storyboard;
			sourceTree = "<group>";
		};
		FAA586C81E733DC30088FEB6 /* LaunchScreen.storyboard */ = {
			isa = PBXVariantGroup;
			children = (
				FAA586C91E733DC30088FEB6 /* Base */,
			);
			name = LaunchScreen.storyboard;
			sourceTree = "<group>";
		};
/* End PBXVariantGroup section */

/* Begin XCBuildConfiguration section */
		FAA586CC1E733DC30088FEB6 /* Debug */ = {
			isa = XCBuildConfiguration;
			buildSettings = {
				ALWAYS_SEARCH_USER_PATHS = NO;
				CLANG_ANALYZER_NONNULL = YES;
				CLANG_CXX_LANGUAGE_STANDARD = "gnu++0x";
				CLANG_CXX_LIBRARY = "libc++";
				CLANG_ENABLE_MODULES = YES;
				CLANG_ENABLE_OBJC_ARC = YES;
				CLANG_WARN_BOOL_CONVERSION = YES;
				CLANG_WARN_CONSTANT_CONVERSION = YES;
				CLANG_WARN_DIRECT_OBJC_ISA_USAGE = YES_ERROR;
				CLANG_WARN_DOCUMENTATION_COMMENTS = YES;
				CLANG_WARN_EMPTY_BODY = YES;
				CLANG_WARN_ENUM_CONVERSION = YES;
				CLANG_WARN_INFINITE_RECURSION = YES;
				CLANG_WARN_INT_CONVERSION = YES;
				CLANG_WARN_OBJC_ROOT_CLASS = YES_ERROR;
				CLANG_WARN_SUSPICIOUS_MOVE = YES;
				CLANG_WARN_UNREACHABLE_CODE = YES;
				CLANG_WARN__DUPLICATE_METHOD_MATCH = YES;
				"CODE_SIGN_IDENTITY[sdk=iphoneos*]" = "iPhone Developer";
				COPY_PHASE_STRIP = NO;
				DEBUG_INFORMATION_FORMAT = dwarf;
				ENABLE_STRICT_OBJC_MSGSEND = YES;
				ENABLE_TESTABILITY = YES;
				GCC_C_LANGUAGE_STANDARD = gnu99;
				GCC_DYNAMIC_NO_PIC = NO;
				GCC_NO_COMMON_BLOCKS = YES;
				GCC_OPTIMIZATION_LEVEL = 0;
				GCC_PREPROCESSOR_DEFINITIONS = (
					"DEBUG=1",
					"$(inherited)",
				);
				GCC_WARN_64_TO_32_BIT_CONVERSION = YES;
				GCC_WARN_ABOUT_RETURN_TYPE = YES_ERROR;
				GCC_WARN_UNDECLARED_SELECTOR = YES;
				GCC_WARN_UNINITIALIZED_AUTOS = YES_AGGRESSIVE;
				GCC_WARN_UNUSED_FUNCTION = YES;
				GCC_WARN_UNUSED_VARIABLE = YES;
				IPHONEOS_DEPLOYMENT_TARGET = 10.2;
				MTL_ENABLE_DEBUG_INFO = YES;
				ONLY_ACTIVE_ARCH = YES;
				SDKROOT = iphoneos;
				SWIFT_ACTIVE_COMPILATION_CONDITIONS = DEBUG;
				SWIFT_OPTIMIZATION_LEVEL = "-Onone";
			};
			name = Debug;
		};
		FAA586CD1E733DC30088FEB6 /* Release */ = {
			isa = XCBuildConfiguration;
			buildSettings = {
				ALWAYS_SEARCH_USER_PATHS = NO;
				CLANG_ANALYZER_NONNULL = YES;
				CLANG_CXX_LANGUAGE_STANDARD = "gnu++0x";
				CLANG_CXX_LIBRARY = "libc++";
				CLANG_ENABLE_MODULES = YES;
				CLANG_ENABLE_OBJC_ARC = YES;
				CLANG_WARN_BOOL_CONVERSION = YES;
				CLANG_WARN_CONSTANT_CONVERSION = YES;
				CLANG_WARN_DIRECT_OBJC_ISA_USAGE = YES_ERROR;
				CLANG_WARN_DOCUMENTATION_COMMENTS = YES;
				CLANG_WARN_EMPTY_BODY = YES;
				CLANG_WARN_ENUM_CONVERSION = YES;
				CLANG_WARN_INFINITE_RECURSION = YES;
				CLANG_WARN_INT_CONVERSION = YES;
				CLANG_WARN_OBJC_ROOT_CLASS = YES_ERROR;
				CLANG_WARN_SUSPICIOUS_MOVE = YES;
				CLANG_WARN_UNREACHABLE_CODE = YES;
				CLANG_WARN__DUPLICATE_METHOD_MATCH = YES;
				"CODE_SIGN_IDENTITY[sdk=iphoneos*]" = "iPhone Developer";
				COPY_PHASE_STRIP = NO;
				DEBUG_INFORMATION_FORMAT = "dwarf-with-dsym";
				ENABLE_NS_ASSERTIONS = NO;
				ENABLE_STRICT_OBJC_MSGSEND = YES;
				GCC_C_LANGUAGE_STANDARD = gnu99;
				GCC_NO_COMMON_BLOCKS = YES;
				GCC_WARN_64_TO_32_BIT_CONVERSION = YES;
				GCC_WARN_ABOUT_RETURN_TYPE = YES_ERROR;
				GCC_WARN_UNDECLARED_SELECTOR = YES;
				GCC_WARN_UNINITIALIZED_AUTOS = YES_AGGRESSIVE;
				GCC_WARN_UNUSED_FUNCTION = YES;
				GCC_WARN_UNUSED_VARIABLE = YES;
				IPHONEOS_DEPLOYMENT_TARGET = 10.2;
				MTL_ENABLE_DEBUG_INFO = NO;
				SDKROOT = iphoneos;
				SWIFT_OPTIMIZATION_LEVEL = "-Owholemodule";
				VALIDATE_PRODUCT = YES;
			};
			name = Release;
		};
		FAA586CF1E733DC30088FEB6 /* Debug */ = {
			isa = XCBuildConfiguration;
			buildSettings = {
				ASSETCATALOG_COMPILER_APPICON_NAME = AppIcon;
				DEVELOPMENT_TEAM = EG229DGRJ2;
				INFOPLIST_FILE = TestProjectMerge/Info.plist;
				LD_RUNPATH_SEARCH_PATHS = "$(inherited) @executable_path/Frameworks";
				PRODUCT_BUNDLE_IDENTIFIER = com.iu.TestProjectMerge;
				PRODUCT_NAME = "$(TARGET_NAME)";
				SWIFT_VERSION = 3.0;
			};
			name = Debug;
		};
		FAA586D01E733DC30088FEB6 /* Release */ = {
			isa = XCBuildConfiguration;
			buildSettings = {
				ASSETCATALOG_COMPILER_APPICON_NAME = AppIcon;
				DEVELOPMENT_TEAM = EG229DGRJ2;
				INFOPLIST_FILE = TestProjectMerge/Info.plist;
				LD_RUNPATH_SEARCH_PATHS = "$(inherited) @executable_path/Frameworks";
				PRODUCT_BUNDLE_IDENTIFIER = com.iu.TestProjectMerge;
				PRODUCT_NAME = "$(TARGET_NAME)";
				SWIFT_VERSION = 3.0;
			};
			name = Release;
		};
/* End XCBuildConfiguration section */

/* Begin XCConfigurationList section */
		FAA586B71E733DC30088FEB6 /* Build configuration list for PBXProject "TestProjectMerge" */ = {
			isa = XCConfigurationList;
			buildConfigurations = (
				FAA586CC1E733DC30088FEB6 /* Debug */,
				FAA586CD1E733DC30088FEB6 /* Release */,
			);
			defaultConfigurationIsVisible = 0;
			defaultConfigurationName = Release;
		};
		FAA586CE1E733DC30088FEB6 /* Build configuration list for PBXNativeTarget "TestProjectMerge" */ = {
			isa = XCConfigurationList;
			buildConfigurations = (
				FAA586CF1E733DC30088FEB6 /* Debug */,
				FAA586D01E733DC30088FEB6 /* Release */,
			);
			defaultConfigurationIsVisible = 0;
		};
/* End XCConfigurationList section */
	};
	rootObject = FAA586B41E733DC30088FEB6 /* Project object */;
}
